
Microsoft Visual Studio Solution File, Format Version 12.00
# Visual Studio Version 17
VisualStudioVersion = 17.6.33829.357
MinimumVisualStudioVersion = 10.0.40219.1
Project("{9092AA53-FB77-4645-B42D-1CCCA6BD08BD}") = "xianyubb-bot", "xianyubb-bot\xianyubb-bot.njsproj", "{BD8AEF10-6DE7-42DB-A7A4-65DB44BD47B0}"
EndProject
Global
	GlobalSection(SolutionConfigurationPlatforms) = preSolution
		Debug|Any CPU = Debug|Any CPU
		Release|Any CPU = Release|Any CPU
	EndGlobalSection
	GlobalSection(ProjectConfigurationPlatforms) = postSolution
		{BD8AEF10-6DE7-42DB-A7A4-65DB44BD47B0}.Debug|Any CPU.ActiveCfg = Debug|Any CPU
		{BD8AEF10-6DE7-42DB-A7A4-65DB44BD47B0}.Debug|Any CPU.Build.0 = Debug|Any CPU
		{BD8AEF10-6DE7-42DB-A7A4-65DB44BD47B0}.Release|Any CPU.ActiveCfg = Release|Any CPU
		{BD8AEF10-6DE7-42DB-A7A4-65DB44BD47B0}.Release|Any CPU.Build.0 = Release|Any CPU
	EndGlobalSection
	GlobalSection(SolutionProperties) = preSolution
		HideSolutionNode = FALSE
	EndGlobalSection
	GlobalSection(ExtensibilityGlobals) = postSolution
		SolutionGuid = {DB15EF5C-8934-49ED-B124-8ABDE74CD63C}
	EndGlobalSection
EndGlobal
